// !$*UTF8*$!
{
	archiveVersion = 1;
	classes = {
	};
	objectVersion = 56;
	objects = {

/* Begin PBXBuildFile section */
		180837E12A6B0A3000819B6B /* Amplify in Frameworks */ = {isa = PBXBuildFile; productRef = 180837E02A6B0A3000819B6B /* Amplify */; };
		180837E32A6B0A3000819B6B /* AWSAPIPlugin in Frameworks */ = {isa = PBXBuildFile; productRef = 180837E22A6B0A3000819B6B /* AWSAPIPlugin */; };
		180837E52A6B0A3000819B6B /* AWSDataStorePlugin in Frameworks */ = {isa = PBXBuildFile; productRef = 180837E42A6B0A3000819B6B /* AWSDataStorePlugin */; };
		180D0D842A6B1FA90062AD74 /* TodoList.swift in Sources */ = {isa = PBXBuildFile; fileRef = 180D0D832A6B1FA90062AD74 /* TodoList.swift */; };
		180D0D862A6B1FFD0062AD74 /* TodoListView.swift in Sources */ = {isa = PBXBuildFile; fileRef = 180D0D852A6B1FFD0062AD74 /* TodoListView.swift */; };
		180D0D882A6B24AC0062AD74 /* RootView.swift in Sources */ = {isa = PBXBuildFile; fileRef = 180D0D872A6B24AC0062AD74 /* RootView.swift */; };
		180D0D8A2A6B31410062AD74 /* TodoListItemView.swift in Sources */ = {isa = PBXBuildFile; fileRef = 180D0D892A6B31410062AD74 /* TodoListItemView.swift */; };
		18B95BEE2A6BC6DF00545C50 /* TodoListItem.swift in Sources */ = {isa = PBXBuildFile; fileRef = 18B95BED2A6BC6DF00545C50 /* TodoListItem.swift */; };
		18C9C3A92A6B079B004D5E9B /* FamiliaCore.docc in Sources */ = {isa = PBXBuildFile; fileRef = 18C9C3A82A6B079B004D5E9B /* FamiliaCore.docc */; };
		18C9C3AF2A6B079B004D5E9B /* FamiliaCore.framework in Frameworks */ = {isa = PBXBuildFile; fileRef = 18C9C3A52A6B079B004D5E9B /* FamiliaCore.framework */; };
		18C9C3B62A6B079B004D5E9B /* FamiliaCoreTests.swift in Sources */ = {isa = PBXBuildFile; fileRef = 18C9C3B52A6B079B004D5E9B /* FamiliaCoreTests.swift */; };
		18C9C3B72A6B079B004D5E9B /* FamiliaCore.h in Headers */ = {isa = PBXBuildFile; fileRef = 18C9C3A72A6B079B004D5E9B /* FamiliaCore.h */; settings = {ATTRIBUTES = (Public, ); }; };
		18C9C3BA2A6B079B004D5E9B /* FamiliaCore.framework in Frameworks */ = {isa = PBXBuildFile; fileRef = 18C9C3A52A6B079B004D5E9B /* FamiliaCore.framework */; };
		18C9C3BB2A6B079B004D5E9B /* FamiliaCore.framework in Embed Frameworks */ = {isa = PBXBuildFile; fileRef = 18C9C3A52A6B079B004D5E9B /* FamiliaCore.framework */; settings = {ATTRIBUTES = (CodeSignOnCopy, RemoveHeadersOnCopy, ); }; };
		18DF5EA12A6B1697006887F4 /* FamiliaCoreApplicationService.swift in Sources */ = {isa = PBXBuildFile; fileRef = 18DF5EA02A6B1697006887F4 /* FamiliaCoreApplicationService.swift */; };
		18DF5EA22A6B174E006887F4 /* TodoItem.swift in Sources */ = {isa = PBXBuildFile; fileRef = 7FD2787A99B60362E74EE099 /* TodoItem.swift */; };
		18DF5EA32A6B174E006887F4 /* amplifyconfiguration.json in Resources */ = {isa = PBXBuildFile; fileRef = 4624284C7D688487BACAA29B /* amplifyconfiguration.json */; };
		18DF5EA42A6B174E006887F4 /* Todo.swift in Sources */ = {isa = PBXBuildFile; fileRef = 85BA4A70030C11CECD09110E /* Todo.swift */; };
		18DF5EA52A6B174E006887F4 /* Family.swift in Sources */ = {isa = PBXBuildFile; fileRef = 848FCA021EE5FB073D09A9B7 /* Family.swift */; };
		18DF5EA62A6B174E006887F4 /* Todo+Schema.swift in Sources */ = {isa = PBXBuildFile; fileRef = 7DE5C51A023BE51C95227EDC /* Todo+Schema.swift */; };
		18DF5EA72A6B174E006887F4 /* User+Schema.swift in Sources */ = {isa = PBXBuildFile; fileRef = B7909793BD919B75FEBDF2A8 /* User+Schema.swift */; };
		18DF5EA82A6B174E006887F4 /* awsconfiguration.json in Resources */ = {isa = PBXBuildFile; fileRef = 0AEF4BD419DFB65C2962B38E /* awsconfiguration.json */; };
		18DF5EA92A6B174E006887F4 /* AmplifyModels.swift in Sources */ = {isa = PBXBuildFile; fileRef = 9D9214CEB4F7A56C23F95908 /* AmplifyModels.swift */; };
		18DF5EAA2A6B174E006887F4 /* TodoItem+Schema.swift in Sources */ = {isa = PBXBuildFile; fileRef = 5BA86B628080044F764069B7 /* TodoItem+Schema.swift */; };
		18DF5EAB2A6B174E006887F4 /* User.swift in Sources */ = {isa = PBXBuildFile; fileRef = 45241FA7B0773817C8BCEB90 /* User.swift */; };
		18DF5EAC2A6B174E006887F4 /* Family+Schema.swift in Sources */ = {isa = PBXBuildFile; fileRef = 7310BFEEBA38C47FAAA54B78 /* Family+Schema.swift */; };
		216B53879075AD29E8FA03C1 /* amplifyconfiguration.json in Resources */ = {isa = PBXBuildFile; fileRef = 4624284C7D688487BACAA29B /* amplifyconfiguration.json */; };
		255CA6640F928749023A5021 /* Todo+Schema.swift in Sources */ = {isa = PBXBuildFile; fileRef = 7DE5C51A023BE51C95227EDC /* Todo+Schema.swift */; };
		2A8A55F873EFF7F173926868 /* Family.swift in Sources */ = {isa = PBXBuildFile; fileRef = 848FCA021EE5FB073D09A9B7 /* Family.swift */; };
		558DEB1B287D74BE098B4CB5 /* TodoItem+Schema.swift in Sources */ = {isa = PBXBuildFile; fileRef = 5BA86B628080044F764069B7 /* TodoItem+Schema.swift */; };
		5CA2AA9A2A67FAB2001FD878 /* FamiliaApp.swift in Sources */ = {isa = PBXBuildFile; fileRef = 5CA2AA992A67FAB2001FD878 /* FamiliaApp.swift */; };
		5CA2AA9C2A67FAB2001FD878 /* ContentView.swift in Sources */ = {isa = PBXBuildFile; fileRef = 5CA2AA9B2A67FAB2001FD878 /* ContentView.swift */; };
		5CA2AA9E2A67FAB3001FD878 /* Assets.xcassets in Resources */ = {isa = PBXBuildFile; fileRef = 5CA2AA9D2A67FAB3001FD878 /* Assets.xcassets */; };
		5CA2AAA12A67FAB3001FD878 /* Preview Assets.xcassets in Resources */ = {isa = PBXBuildFile; fileRef = 5CA2AAA02A67FAB3001FD878 /* Preview Assets.xcassets */; };
		5CA2AAA32A67FAB3001FD878 /* Persistence.swift in Sources */ = {isa = PBXBuildFile; fileRef = 5CA2AAA22A67FAB3001FD878 /* Persistence.swift */; };
		5CA2AAA62A67FAB3001FD878 /* Familia.xcdatamodeld in Sources */ = {isa = PBXBuildFile; fileRef = 5CA2AAA42A67FAB3001FD878 /* Familia.xcdatamodeld */; };
		5CA2AAB02A67FAB3001FD878 /* FamiliaTests.swift in Sources */ = {isa = PBXBuildFile; fileRef = 5CA2AAAF2A67FAB3001FD878 /* FamiliaTests.swift */; };
		5CA2AABA2A67FAB3001FD878 /* FamiliaUITests.swift in Sources */ = {isa = PBXBuildFile; fileRef = 5CA2AAB92A67FAB3001FD878 /* FamiliaUITests.swift */; };
		5CA2AABC2A67FAB3001FD878 /* FamiliaUITestsLaunchTests.swift in Sources */ = {isa = PBXBuildFile; fileRef = 5CA2AABB2A67FAB3001FD878 /* FamiliaUITestsLaunchTests.swift */; };
		5CA2AAC92A67FB15001FD878 /* AuthenticationScreen.swift in Sources */ = {isa = PBXBuildFile; fileRef = 5CA2AAC82A67FB15001FD878 /* AuthenticationScreen.swift */; };
		5CA2AACE2A67FE55001FD878 /* AuthenticationService.swift in Sources */ = {isa = PBXBuildFile; fileRef = 5CA2AACD2A67FE55001FD878 /* AuthenticationService.swift */; };
		5CA2AAD02A67FEAC001FD878 /* KeychainItem.swift in Sources */ = {isa = PBXBuildFile; fileRef = 5CA2AACF2A67FEAC001FD878 /* KeychainItem.swift */; };
		5CB39DD92A6BE7CF00898B0E /* TodosGalleryView.swift in Sources */ = {isa = PBXBuildFile; fileRef = 5CB39DD82A6BE7CF00898B0E /* TodosGalleryView.swift */; };
		5CB39DDD2A6BEF1D00898B0E /* DragDropDelegate.swift in Sources */ = {isa = PBXBuildFile; fileRef = 5CB39DDC2A6BEF1D00898B0E /* DragDropDelegate.swift */; };
		5CB39DDF2A6BEFA900898B0E /* TodosGalleryDropDelegate.swift in Sources */ = {isa = PBXBuildFile; fileRef = 5CB39DDE2A6BEFA900898B0E /* TodosGalleryDropDelegate.swift */; };
		5CB39DE12A6BF56F00898B0E /* Colors.swift in Sources */ = {isa = PBXBuildFile; fileRef = 5CB39DE02A6BF56F00898B0E /* Colors.swift */; };
		63DD0DC857A5C20330D291D5 /* awsconfiguration.json in Resources */ = {isa = PBXBuildFile; fileRef = 0AEF4BD419DFB65C2962B38E /* awsconfiguration.json */; };
		7E38C2300DCD59576AAD89E4 /* Family+Schema.swift in Sources */ = {isa = PBXBuildFile; fileRef = 7310BFEEBA38C47FAAA54B78 /* Family+Schema.swift */; };
		7EE000A27443DC8CDAF7FCCE /* User.swift in Sources */ = {isa = PBXBuildFile; fileRef = 45241FA7B0773817C8BCEB90 /* User.swift */; };
		8209B2DBF9762E837D6CB9C9 /* User+Schema.swift in Sources */ = {isa = PBXBuildFile; fileRef = B7909793BD919B75FEBDF2A8 /* User+Schema.swift */; };
		BBAC7BEF692AD5D2AF5D4658 /* Todo.swift in Sources */ = {isa = PBXBuildFile; fileRef = 85BA4A70030C11CECD09110E /* Todo.swift */; };
		C33886CCC3498EC21661CEE7 /* AmplifyModels.swift in Sources */ = {isa = PBXBuildFile; fileRef = 9D9214CEB4F7A56C23F95908 /* AmplifyModels.swift */; };
		F3A026F28ED4F835FA941AEA /* TodoItem.swift in Sources */ = {isa = PBXBuildFile; fileRef = 7FD2787A99B60362E74EE099 /* TodoItem.swift */; };
/* End PBXBuildFile section */

/* Begin PBXContainerItemProxy section */
		18C9C3B02A6B079B004D5E9B /* PBXContainerItemProxy */ = {
			isa = PBXContainerItemProxy;
			containerPortal = 5CA2AA8E2A67FAB2001FD878 /* Project object */;
			proxyType = 1;
			remoteGlobalIDString = 18C9C3A42A6B079B004D5E9B;
			remoteInfo = FamiliaCore;
		};
		18C9C3B22A6B079B004D5E9B /* PBXContainerItemProxy */ = {
			isa = PBXContainerItemProxy;
			containerPortal = 5CA2AA8E2A67FAB2001FD878 /* Project object */;
			proxyType = 1;
			remoteGlobalIDString = 5CA2AA952A67FAB2001FD878;
			remoteInfo = Familia;
		};
		18C9C3B82A6B079B004D5E9B /* PBXContainerItemProxy */ = {
			isa = PBXContainerItemProxy;
			containerPortal = 5CA2AA8E2A67FAB2001FD878 /* Project object */;
			proxyType = 1;
			remoteGlobalIDString = 18C9C3A42A6B079B004D5E9B;
			remoteInfo = FamiliaCore;
		};
		5CA2AAAC2A67FAB3001FD878 /* PBXContainerItemProxy */ = {
			isa = PBXContainerItemProxy;
			containerPortal = 5CA2AA8E2A67FAB2001FD878 /* Project object */;
			proxyType = 1;
			remoteGlobalIDString = 5CA2AA952A67FAB2001FD878;
			remoteInfo = Familia;
		};
		5CA2AAB62A67FAB3001FD878 /* PBXContainerItemProxy */ = {
			isa = PBXContainerItemProxy;
			containerPortal = 5CA2AA8E2A67FAB2001FD878 /* Project object */;
			proxyType = 1;
			remoteGlobalIDString = 5CA2AA952A67FAB2001FD878;
			remoteInfo = Familia;
		};
/* End PBXContainerItemProxy section */

/* Begin PBXCopyFilesBuildPhase section */
		18C9C3BC2A6B079B004D5E9B /* Embed Frameworks */ = {
			isa = PBXCopyFilesBuildPhase;
			buildActionMask = 2147483647;
			dstPath = "";
			dstSubfolderSpec = 10;
			files = (
				18C9C3BB2A6B079B004D5E9B /* FamiliaCore.framework in Embed Frameworks */,
			);
			name = "Embed Frameworks";
			runOnlyForDeploymentPostprocessing = 0;
		};
/* End PBXCopyFilesBuildPhase section */

/* Begin PBXFileReference section */
		0AEF4BD419DFB65C2962B38E /* awsconfiguration.json */ = {isa = PBXFileReference; explicitFileType = text.json; path = awsconfiguration.json; sourceTree = "<group>"; };
		180D0D832A6B1FA90062AD74 /* TodoList.swift */ = {isa = PBXFileReference; lastKnownFileType = sourcecode.swift; path = TodoList.swift; sourceTree = "<group>"; };
		180D0D852A6B1FFD0062AD74 /* TodoListView.swift */ = {isa = PBXFileReference; lastKnownFileType = sourcecode.swift; path = TodoListView.swift; sourceTree = "<group>"; };
		180D0D872A6B24AC0062AD74 /* RootView.swift */ = {isa = PBXFileReference; lastKnownFileType = sourcecode.swift; path = RootView.swift; sourceTree = "<group>"; };
		180D0D892A6B31410062AD74 /* TodoListItemView.swift */ = {isa = PBXFileReference; lastKnownFileType = sourcecode.swift; path = TodoListItemView.swift; sourceTree = "<group>"; };
		18B95BED2A6BC6DF00545C50 /* TodoListItem.swift */ = {isa = PBXFileReference; lastKnownFileType = sourcecode.swift; path = TodoListItem.swift; sourceTree = "<group>"; };
		18C9C3A52A6B079B004D5E9B /* FamiliaCore.framework */ = {isa = PBXFileReference; explicitFileType = wrapper.framework; includeInIndex = 0; path = FamiliaCore.framework; sourceTree = BUILT_PRODUCTS_DIR; };
		18C9C3A72A6B079B004D5E9B /* FamiliaCore.h */ = {isa = PBXFileReference; lastKnownFileType = sourcecode.c.h; path = FamiliaCore.h; sourceTree = "<group>"; };
		18C9C3A82A6B079B004D5E9B /* FamiliaCore.docc */ = {isa = PBXFileReference; lastKnownFileType = folder.documentationcatalog; path = FamiliaCore.docc; sourceTree = "<group>"; };
		18C9C3AE2A6B079B004D5E9B /* FamiliaCoreTests.xctest */ = {isa = PBXFileReference; explicitFileType = wrapper.cfbundle; includeInIndex = 0; path = FamiliaCoreTests.xctest; sourceTree = BUILT_PRODUCTS_DIR; };
		18C9C3B52A6B079B004D5E9B /* FamiliaCoreTests.swift */ = {isa = PBXFileReference; lastKnownFileType = sourcecode.swift; path = FamiliaCoreTests.swift; sourceTree = "<group>"; };
		18DF5EA02A6B1697006887F4 /* FamiliaCoreApplicationService.swift */ = {isa = PBXFileReference; lastKnownFileType = sourcecode.swift; path = FamiliaCoreApplicationService.swift; sourceTree = "<group>"; };
		45241FA7B0773817C8BCEB90 /* User.swift */ = {isa = PBXFileReference; explicitFileType = sourcecode.swift; name = User.swift; path = amplify/generated/models/User.swift; sourceTree = "<group>"; };
		4624284C7D688487BACAA29B /* amplifyconfiguration.json */ = {isa = PBXFileReference; explicitFileType = text.json; path = amplifyconfiguration.json; sourceTree = "<group>"; };
		5BA86B628080044F764069B7 /* TodoItem+Schema.swift */ = {isa = PBXFileReference; explicitFileType = sourcecode.swift; name = "TodoItem+Schema.swift"; path = "amplify/generated/models/TodoItem+Schema.swift"; sourceTree = "<group>"; };
		5CA2AA962A67FAB2001FD878 /* Familia.app */ = {isa = PBXFileReference; explicitFileType = wrapper.application; includeInIndex = 0; path = Familia.app; sourceTree = BUILT_PRODUCTS_DIR; };
		5CA2AA992A67FAB2001FD878 /* FamiliaApp.swift */ = {isa = PBXFileReference; lastKnownFileType = sourcecode.swift; path = FamiliaApp.swift; sourceTree = "<group>"; };
		5CA2AA9B2A67FAB2001FD878 /* ContentView.swift */ = {isa = PBXFileReference; lastKnownFileType = sourcecode.swift; path = ContentView.swift; sourceTree = "<group>"; };
		5CA2AA9D2A67FAB3001FD878 /* Assets.xcassets */ = {isa = PBXFileReference; lastKnownFileType = folder.assetcatalog; path = Assets.xcassets; sourceTree = "<group>"; };
		5CA2AAA02A67FAB3001FD878 /* Preview Assets.xcassets */ = {isa = PBXFileReference; lastKnownFileType = folder.assetcatalog; path = "Preview Assets.xcassets"; sourceTree = "<group>"; };
		5CA2AAA22A67FAB3001FD878 /* Persistence.swift */ = {isa = PBXFileReference; lastKnownFileType = sourcecode.swift; path = Persistence.swift; sourceTree = "<group>"; };
		5CA2AAA52A67FAB3001FD878 /* Familia.xcdatamodel */ = {isa = PBXFileReference; lastKnownFileType = wrapper.xcdatamodel; path = Familia.xcdatamodel; sourceTree = "<group>"; };
		5CA2AAAB2A67FAB3001FD878 /* FamiliaTests.xctest */ = {isa = PBXFileReference; explicitFileType = wrapper.cfbundle; includeInIndex = 0; path = FamiliaTests.xctest; sourceTree = BUILT_PRODUCTS_DIR; };
		5CA2AAAF2A67FAB3001FD878 /* FamiliaTests.swift */ = {isa = PBXFileReference; lastKnownFileType = sourcecode.swift; path = FamiliaTests.swift; sourceTree = "<group>"; };
		5CA2AAB52A67FAB3001FD878 /* FamiliaUITests.xctest */ = {isa = PBXFileReference; explicitFileType = wrapper.cfbundle; includeInIndex = 0; path = FamiliaUITests.xctest; sourceTree = BUILT_PRODUCTS_DIR; };
		5CA2AAB92A67FAB3001FD878 /* FamiliaUITests.swift */ = {isa = PBXFileReference; lastKnownFileType = sourcecode.swift; path = FamiliaUITests.swift; sourceTree = "<group>"; };
		5CA2AABB2A67FAB3001FD878 /* FamiliaUITestsLaunchTests.swift */ = {isa = PBXFileReference; lastKnownFileType = sourcecode.swift; path = FamiliaUITestsLaunchTests.swift; sourceTree = "<group>"; };
		5CA2AAC82A67FB15001FD878 /* AuthenticationScreen.swift */ = {isa = PBXFileReference; lastKnownFileType = sourcecode.swift; path = AuthenticationScreen.swift; sourceTree = "<group>"; };
		5CA2AACA2A67FCC6001FD878 /* Familia.entitlements */ = {isa = PBXFileReference; lastKnownFileType = text.plist.entitlements; path = Familia.entitlements; sourceTree = "<group>"; };
		5CA2AACD2A67FE55001FD878 /* AuthenticationService.swift */ = {isa = PBXFileReference; lastKnownFileType = sourcecode.swift; path = AuthenticationService.swift; sourceTree = "<group>"; };
		5CA2AACF2A67FEAC001FD878 /* KeychainItem.swift */ = {isa = PBXFileReference; lastKnownFileType = sourcecode.swift; path = KeychainItem.swift; sourceTree = "<group>"; };
		5CB39DD82A6BE7CF00898B0E /* TodosGalleryView.swift */ = {isa = PBXFileReference; lastKnownFileType = sourcecode.swift; path = TodosGalleryView.swift; sourceTree = "<group>"; };
		5CB39DDC2A6BEF1D00898B0E /* DragDropDelegate.swift */ = {isa = PBXFileReference; lastKnownFileType = sourcecode.swift; path = DragDropDelegate.swift; sourceTree = "<group>"; };
		5CB39DDE2A6BEFA900898B0E /* TodosGalleryDropDelegate.swift */ = {isa = PBXFileReference; lastKnownFileType = sourcecode.swift; path = TodosGalleryDropDelegate.swift; sourceTree = "<group>"; };
		5CB39DE02A6BF56F00898B0E /* Colors.swift */ = {isa = PBXFileReference; lastKnownFileType = sourcecode.swift; path = Colors.swift; sourceTree = "<group>"; };
		7310BFEEBA38C47FAAA54B78 /* Family+Schema.swift */ = {isa = PBXFileReference; explicitFileType = sourcecode.swift; name = "Family+Schema.swift"; path = "amplify/generated/models/Family+Schema.swift"; sourceTree = "<group>"; };
		7DE5C51A023BE51C95227EDC /* Todo+Schema.swift */ = {isa = PBXFileReference; explicitFileType = sourcecode.swift; name = "Todo+Schema.swift"; path = "amplify/generated/models/Todo+Schema.swift"; sourceTree = "<group>"; };
		7FD2787A99B60362E74EE099 /* TodoItem.swift */ = {isa = PBXFileReference; explicitFileType = sourcecode.swift; name = TodoItem.swift; path = amplify/generated/models/TodoItem.swift; sourceTree = "<group>"; };
		848FCA021EE5FB073D09A9B7 /* Family.swift */ = {isa = PBXFileReference; explicitFileType = sourcecode.swift; name = Family.swift; path = amplify/generated/models/Family.swift; sourceTree = "<group>"; };
		85BA4A70030C11CECD09110E /* Todo.swift */ = {isa = PBXFileReference; explicitFileType = sourcecode.swift; name = Todo.swift; path = amplify/generated/models/Todo.swift; sourceTree = "<group>"; };
		9D9214CEB4F7A56C23F95908 /* AmplifyModels.swift */ = {isa = PBXFileReference; explicitFileType = sourcecode.swift; name = AmplifyModels.swift; path = amplify/generated/models/AmplifyModels.swift; sourceTree = "<group>"; };
		B7909793BD919B75FEBDF2A8 /* User+Schema.swift */ = {isa = PBXFileReference; explicitFileType = sourcecode.swift; name = "User+Schema.swift"; path = "amplify/generated/models/User+Schema.swift"; sourceTree = "<group>"; };
/* End PBXFileReference section */

/* Begin PBXFrameworksBuildPhase section */
		18C9C3A22A6B079B004D5E9B /* Frameworks */ = {
			isa = PBXFrameworksBuildPhase;
			buildActionMask = 2147483647;
			files = (
				180837E52A6B0A3000819B6B /* AWSDataStorePlugin in Frameworks */,
				180837E32A6B0A3000819B6B /* AWSAPIPlugin in Frameworks */,
				180837E12A6B0A3000819B6B /* Amplify in Frameworks */,
			);
			runOnlyForDeploymentPostprocessing = 0;
		};
		18C9C3AB2A6B079B004D5E9B /* Frameworks */ = {
			isa = PBXFrameworksBuildPhase;
			buildActionMask = 2147483647;
			files = (
				18C9C3AF2A6B079B004D5E9B /* FamiliaCore.framework in Frameworks */,
			);
			runOnlyForDeploymentPostprocessing = 0;
		};
		5CA2AA932A67FAB2001FD878 /* Frameworks */ = {
			isa = PBXFrameworksBuildPhase;
			buildActionMask = 2147483647;
			files = (
				18C9C3BA2A6B079B004D5E9B /* FamiliaCore.framework in Frameworks */,
			);
			runOnlyForDeploymentPostprocessing = 0;
		};
		5CA2AAA82A67FAB3001FD878 /* Frameworks */ = {
			isa = PBXFrameworksBuildPhase;
			buildActionMask = 2147483647;
			files = (
			);
			runOnlyForDeploymentPostprocessing = 0;
		};
		5CA2AAB22A67FAB3001FD878 /* Frameworks */ = {
			isa = PBXFrameworksBuildPhase;
			buildActionMask = 2147483647;
			files = (
			);
			runOnlyForDeploymentPostprocessing = 0;
		};
/* End PBXFrameworksBuildPhase section */

/* Begin PBXGroup section */
		180D0D7E2A6B1F870062AD74 /* TodoList */ = {
			isa = PBXGroup;
			children = (
				180D0D832A6B1FA90062AD74 /* TodoList.swift */,
				18B95BED2A6BC6DF00545C50 /* TodoListItem.swift */,
				180D0D852A6B1FFD0062AD74 /* TodoListView.swift */,
				180D0D892A6B31410062AD74 /* TodoListItemView.swift */,
			);
			path = TodoList;
			sourceTree = "<group>";
		};
		18C9C3A62A6B079B004D5E9B /* FamiliaCore */ = {
			isa = PBXGroup;
			children = (
				BEC16D2F068CC503C4E5164D /* AmplifyModels */,
				556CB65375D45B42DE86F225 /* AmplifyConfig */,
				18C9C3A72A6B079B004D5E9B /* FamiliaCore.h */,
				18DF5EA02A6B1697006887F4 /* FamiliaCoreApplicationService.swift */,
				18C9C3A82A6B079B004D5E9B /* FamiliaCore.docc */,
			);
			path = FamiliaCore;
			sourceTree = "<group>";
		};
		18C9C3B42A6B079B004D5E9B /* FamiliaCoreTests */ = {
			isa = PBXGroup;
			children = (
				18C9C3B52A6B079B004D5E9B /* FamiliaCoreTests.swift */,
			);
			path = FamiliaCoreTests;
			sourceTree = "<group>";
		};
		18C9C3CC2A6B08B7004D5E9B /* Frameworks */ = {
			isa = PBXGroup;
			children = (
			);
			name = Frameworks;
			sourceTree = "<group>";
		};
		18DF5EAD2A6B1C0A006887F4 /* SignInWithApple */ = {
			isa = PBXGroup;
			children = (
				5CA2AACD2A67FE55001FD878 /* AuthenticationService.swift */,
				5CA2AACF2A67FEAC001FD878 /* KeychainItem.swift */,
				5CA2AAC82A67FB15001FD878 /* AuthenticationScreen.swift */,
			);
			path = SignInWithApple;
			sourceTree = "<group>";
		};
		1F18838CD6BACA775C1886EF /* AmplifyModels */ = {
			isa = PBXGroup;
			children = (
				9D9214CEB4F7A56C23F95908 /* AmplifyModels.swift */,
				7310BFEEBA38C47FAAA54B78 /* Family+Schema.swift */,
				848FCA021EE5FB073D09A9B7 /* Family.swift */,
				7DE5C51A023BE51C95227EDC /* Todo+Schema.swift */,
				85BA4A70030C11CECD09110E /* Todo.swift */,
				5BA86B628080044F764069B7 /* TodoItem+Schema.swift */,
				7FD2787A99B60362E74EE099 /* TodoItem.swift */,
				B7909793BD919B75FEBDF2A8 /* User+Schema.swift */,
				45241FA7B0773817C8BCEB90 /* User.swift */,
			);
			name = AmplifyModels;
			sourceTree = "<group>";
		};
		4A8492E43FA28397B4F8C833 /* AmplifyConfig */ = {
			isa = PBXGroup;
			children = (
				0AEF4BD419DFB65C2962B38E /* awsconfiguration.json */,
				4624284C7D688487BACAA29B /* amplifyconfiguration.json */,
			);
			name = AmplifyConfig;
			sourceTree = "<group>";
		};
		556CB65375D45B42DE86F225 /* AmplifyConfig */ = {
			isa = PBXGroup;
			children = (
			);
			name = AmplifyConfig;
			path = ..;
			sourceTree = "<group>";
		};
		5CA2AA8D2A67FAB2001FD878 = {
			isa = PBXGroup;
			children = (
				5CA2AA982A67FAB2001FD878 /* Familia */,
				5CA2AAAE2A67FAB3001FD878 /* FamiliaTests */,
				5CA2AAB82A67FAB3001FD878 /* FamiliaUITests */,
				18C9C3A62A6B079B004D5E9B /* FamiliaCore */,
				18C9C3B42A6B079B004D5E9B /* FamiliaCoreTests */,
				5CA2AA972A67FAB2001FD878 /* Products */,
				18C9C3CC2A6B08B7004D5E9B /* Frameworks */,
				4A8492E43FA28397B4F8C833 /* AmplifyConfig */,
				1F18838CD6BACA775C1886EF /* AmplifyModels */,
			);
			sourceTree = "<group>";
		};
		5CA2AA972A67FAB2001FD878 /* Products */ = {
			isa = PBXGroup;
			children = (
				5CA2AA962A67FAB2001FD878 /* Familia.app */,
				5CA2AAAB2A67FAB3001FD878 /* FamiliaTests.xctest */,
				5CA2AAB52A67FAB3001FD878 /* FamiliaUITests.xctest */,
				18C9C3A52A6B079B004D5E9B /* FamiliaCore.framework */,
				18C9C3AE2A6B079B004D5E9B /* FamiliaCoreTests.xctest */,
			);
			name = Products;
			sourceTree = "<group>";
		};
		5CA2AA982A67FAB2001FD878 /* Familia */ = {
			isa = PBXGroup;
			children = (
				5CA2AACA2A67FCC6001FD878 /* Familia.entitlements */,
				5CA2AA992A67FAB2001FD878 /* FamiliaApp.swift */,
				5CA2AA9B2A67FAB2001FD878 /* ContentView.swift */,
				180D0D872A6B24AC0062AD74 /* RootView.swift */,
				5CB39DE02A6BF56F00898B0E /* Colors.swift */,
				5CB39DD82A6BE7CF00898B0E /* TodosGalleryView.swift */,
				5CB39DDE2A6BEFA900898B0E /* TodosGalleryDropDelegate.swift */,
				5CB39DDC2A6BEF1D00898B0E /* DragDropDelegate.swift */,
				180D0D7E2A6B1F870062AD74 /* TodoList */,
				18DF5EAD2A6B1C0A006887F4 /* SignInWithApple */,
				5CA2AA9D2A67FAB3001FD878 /* Assets.xcassets */,
				5CA2AAA22A67FAB3001FD878 /* Persistence.swift */,
				5CA2AAA42A67FAB3001FD878 /* Familia.xcdatamodeld */,
				5CA2AA9F2A67FAB3001FD878 /* Preview Content */,
			);
			path = Familia;
			sourceTree = "<group>";
		};
		5CA2AA9F2A67FAB3001FD878 /* Preview Content */ = {
			isa = PBXGroup;
			children = (
				5CA2AAA02A67FAB3001FD878 /* Preview Assets.xcassets */,
			);
			path = "Preview Content";
			sourceTree = "<group>";
		};
		5CA2AAAE2A67FAB3001FD878 /* FamiliaTests */ = {
			isa = PBXGroup;
			children = (
				5CA2AAAF2A67FAB3001FD878 /* FamiliaTests.swift */,
			);
			path = FamiliaTests;
			sourceTree = "<group>";
		};
		5CA2AAB82A67FAB3001FD878 /* FamiliaUITests */ = {
			isa = PBXGroup;
			children = (
				5CA2AAB92A67FAB3001FD878 /* FamiliaUITests.swift */,
				5CA2AABB2A67FAB3001FD878 /* FamiliaUITestsLaunchTests.swift */,
			);
			path = FamiliaUITests;
			sourceTree = "<group>";
		};
		BEC16D2F068CC503C4E5164D /* AmplifyModels */ = {
			isa = PBXGroup;
			children = (
			);
			name = AmplifyModels;
			path = ..;
			sourceTree = "<group>";
		};
/* End PBXGroup section */

/* Begin PBXHeadersBuildPhase section */
		18C9C3A02A6B079B004D5E9B /* Headers */ = {
			isa = PBXHeadersBuildPhase;
			buildActionMask = 2147483647;
			files = (
				18C9C3B72A6B079B004D5E9B /* FamiliaCore.h in Headers */,
			);
			runOnlyForDeploymentPostprocessing = 0;
		};
/* End PBXHeadersBuildPhase section */

/* Begin PBXNativeTarget section */
		18C9C3A42A6B079B004D5E9B /* FamiliaCore */ = {
			isa = PBXNativeTarget;
			buildConfigurationList = 18C9C3C12A6B079B004D5E9B /* Build configuration list for PBXNativeTarget "FamiliaCore" */;
			buildPhases = (
				18C9C3A02A6B079B004D5E9B /* Headers */,
				18C9C3A12A6B079B004D5E9B /* Sources */,
				18C9C3A22A6B079B004D5E9B /* Frameworks */,
				18C9C3A32A6B079B004D5E9B /* Resources */,
			);
			buildRules = (
			);
			dependencies = (
			);
			name = FamiliaCore;
			packageProductDependencies = (
				180837E02A6B0A3000819B6B /* Amplify */,
				180837E22A6B0A3000819B6B /* AWSAPIPlugin */,
				180837E42A6B0A3000819B6B /* AWSDataStorePlugin */,
			);
			productName = FamiliaCore;
			productReference = 18C9C3A52A6B079B004D5E9B /* FamiliaCore.framework */;
			productType = "com.apple.product-type.framework";
		};
		18C9C3AD2A6B079B004D5E9B /* FamiliaCoreTests */ = {
			isa = PBXNativeTarget;
			buildConfigurationList = 18C9C3C22A6B079B004D5E9B /* Build configuration list for PBXNativeTarget "FamiliaCoreTests" */;
			buildPhases = (
				18C9C3AA2A6B079B004D5E9B /* Sources */,
				18C9C3AB2A6B079B004D5E9B /* Frameworks */,
				18C9C3AC2A6B079B004D5E9B /* Resources */,
			);
			buildRules = (
			);
			dependencies = (
				18C9C3B12A6B079B004D5E9B /* PBXTargetDependency */,
				18C9C3B32A6B079B004D5E9B /* PBXTargetDependency */,
			);
			name = FamiliaCoreTests;
			productName = FamiliaCoreTests;
			productReference = 18C9C3AE2A6B079B004D5E9B /* FamiliaCoreTests.xctest */;
			productType = "com.apple.product-type.bundle.unit-test";
		};
		5CA2AA952A67FAB2001FD878 /* Familia */ = {
			isa = PBXNativeTarget;
			buildConfigurationList = 5CA2AABF2A67FAB3001FD878 /* Build configuration list for PBXNativeTarget "Familia" */;
			buildPhases = (
				5CA2AA922A67FAB2001FD878 /* Sources */,
				5CA2AA932A67FAB2001FD878 /* Frameworks */,
				5CA2AA942A67FAB2001FD878 /* Resources */,
				18C9C3BC2A6B079B004D5E9B /* Embed Frameworks */,
			);
			buildRules = (
			);
			dependencies = (
				18C9C3B92A6B079B004D5E9B /* PBXTargetDependency */,
			);
			name = Familia;
			productName = Familia;
			productReference = 5CA2AA962A67FAB2001FD878 /* Familia.app */;
			productType = "com.apple.product-type.application";
		};
		5CA2AAAA2A67FAB3001FD878 /* FamiliaTests */ = {
			isa = PBXNativeTarget;
			buildConfigurationList = 5CA2AAC22A67FAB3001FD878 /* Build configuration list for PBXNativeTarget "FamiliaTests" */;
			buildPhases = (
				5CA2AAA72A67FAB3001FD878 /* Sources */,
				5CA2AAA82A67FAB3001FD878 /* Frameworks */,
				5CA2AAA92A67FAB3001FD878 /* Resources */,
			);
			buildRules = (
			);
			dependencies = (
				5CA2AAAD2A67FAB3001FD878 /* PBXTargetDependency */,
			);
			name = FamiliaTests;
			productName = FamiliaTests;
			productReference = 5CA2AAAB2A67FAB3001FD878 /* FamiliaTests.xctest */;
			productType = "com.apple.product-type.bundle.unit-test";
		};
		5CA2AAB42A67FAB3001FD878 /* FamiliaUITests */ = {
			isa = PBXNativeTarget;
			buildConfigurationList = 5CA2AAC52A67FAB3001FD878 /* Build configuration list for PBXNativeTarget "FamiliaUITests" */;
			buildPhases = (
				5CA2AAB12A67FAB3001FD878 /* Sources */,
				5CA2AAB22A67FAB3001FD878 /* Frameworks */,
				5CA2AAB32A67FAB3001FD878 /* Resources */,
			);
			buildRules = (
			);
			dependencies = (
				5CA2AAB72A67FAB3001FD878 /* PBXTargetDependency */,
			);
			name = FamiliaUITests;
			productName = FamiliaUITests;
			productReference = 5CA2AAB52A67FAB3001FD878 /* FamiliaUITests.xctest */;
			productType = "com.apple.product-type.bundle.ui-testing";
		};
/* End PBXNativeTarget section */

/* Begin PBXProject section */
		5CA2AA8E2A67FAB2001FD878 /* Project object */ = {
			isa = PBXProject;
			attributes = {
				BuildIndependentTargetsInParallel = 1;
				LastSwiftUpdateCheck = 1430;
				LastUpgradeCheck = 1430;
				TargetAttributes = {
					18C9C3A42A6B079B004D5E9B = {
						CreatedOnToolsVersion = 14.3.1;
					};
					18C9C3AD2A6B079B004D5E9B = {
						CreatedOnToolsVersion = 14.3.1;
						TestTargetID = 5CA2AA952A67FAB2001FD878;
					};
					5CA2AA952A67FAB2001FD878 = {
						CreatedOnToolsVersion = 14.3.1;
					};
					5CA2AAAA2A67FAB3001FD878 = {
						CreatedOnToolsVersion = 14.3.1;
						TestTargetID = 5CA2AA952A67FAB2001FD878;
					};
					5CA2AAB42A67FAB3001FD878 = {
						CreatedOnToolsVersion = 14.3.1;
						TestTargetID = 5CA2AA952A67FAB2001FD878;
					};
				};
			};
			buildConfigurationList = 5CA2AA912A67FAB2001FD878 /* Build configuration list for PBXProject "Familia" */;
			compatibilityVersion = "Xcode 14.0";
			developmentRegion = en;
			hasScannedForEncodings = 0;
			knownRegions = (
				en,
				Base,
			);
			mainGroup = 5CA2AA8D2A67FAB2001FD878;
			packageReferences = (
				180837D92A6B09FA00819B6B /* XCRemoteSwiftPackageReference "amplify-swift" */,
			);
			productRefGroup = 5CA2AA972A67FAB2001FD878 /* Products */;
			projectDirPath = "";
			projectRoot = "";
			targets = (
				5CA2AA952A67FAB2001FD878 /* Familia */,
				5CA2AAAA2A67FAB3001FD878 /* FamiliaTests */,
				5CA2AAB42A67FAB3001FD878 /* FamiliaUITests */,
				18C9C3A42A6B079B004D5E9B /* FamiliaCore */,
				18C9C3AD2A6B079B004D5E9B /* FamiliaCoreTests */,
			);
		};
/* End PBXProject section */

/* Begin PBXResourcesBuildPhase section */
		18C9C3A32A6B079B004D5E9B /* Resources */ = {
			isa = PBXResourcesBuildPhase;
			buildActionMask = 2147483647;
			files = (
				18DF5EA82A6B174E006887F4 /* awsconfiguration.json in Resources */,
				18DF5EA32A6B174E006887F4 /* amplifyconfiguration.json in Resources */,
			);
			runOnlyForDeploymentPostprocessing = 0;
		};
		18C9C3AC2A6B079B004D5E9B /* Resources */ = {
			isa = PBXResourcesBuildPhase;
			buildActionMask = 2147483647;
			files = (
			);
			runOnlyForDeploymentPostprocessing = 0;
		};
		5CA2AA942A67FAB2001FD878 /* Resources */ = {
			isa = PBXResourcesBuildPhase;
			buildActionMask = 2147483647;
			files = (
				5CA2AAA12A67FAB3001FD878 /* Preview Assets.xcassets in Resources */,
				5CA2AA9E2A67FAB3001FD878 /* Assets.xcassets in Resources */,
				63DD0DC857A5C20330D291D5 /* awsconfiguration.json in Resources */,
				216B53879075AD29E8FA03C1 /* amplifyconfiguration.json in Resources */,
			);
			runOnlyForDeploymentPostprocessing = 0;
		};
		5CA2AAA92A67FAB3001FD878 /* Resources */ = {
			isa = PBXResourcesBuildPhase;
			buildActionMask = 2147483647;
			files = (
			);
			runOnlyForDeploymentPostprocessing = 0;
		};
		5CA2AAB32A67FAB3001FD878 /* Resources */ = {
			isa = PBXResourcesBuildPhase;
			buildActionMask = 2147483647;
			files = (
			);
			runOnlyForDeploymentPostprocessing = 0;
		};
/* End PBXResourcesBuildPhase section */

/* Begin PBXSourcesBuildPhase section */
		18C9C3A12A6B079B004D5E9B /* Sources */ = {
			isa = PBXSourcesBuildPhase;
			buildActionMask = 2147483647;
			files = (
				18DF5EAA2A6B174E006887F4 /* TodoItem+Schema.swift in Sources */,
				18DF5EA52A6B174E006887F4 /* Family.swift in Sources */,
				18C9C3A92A6B079B004D5E9B /* FamiliaCore.docc in Sources */,
				18DF5EA62A6B174E006887F4 /* Todo+Schema.swift in Sources */,
				18DF5EA72A6B174E006887F4 /* User+Schema.swift in Sources */,
				18DF5EA92A6B174E006887F4 /* AmplifyModels.swift in Sources */,
				18DF5EA22A6B174E006887F4 /* TodoItem.swift in Sources */,
				18DF5EA12A6B1697006887F4 /* FamiliaCoreApplicationService.swift in Sources */,
				18DF5EAB2A6B174E006887F4 /* User.swift in Sources */,
				18DF5EAC2A6B174E006887F4 /* Family+Schema.swift in Sources */,
				18DF5EA42A6B174E006887F4 /* Todo.swift in Sources */,
			);
			runOnlyForDeploymentPostprocessing = 0;
		};
		18C9C3AA2A6B079B004D5E9B /* Sources */ = {
			isa = PBXSourcesBuildPhase;
			buildActionMask = 2147483647;
			files = (
				18C9C3B62A6B079B004D5E9B /* FamiliaCoreTests.swift in Sources */,
			);
			runOnlyForDeploymentPostprocessing = 0;
		};
		5CA2AA922A67FAB2001FD878 /* Sources */ = {
			isa = PBXSourcesBuildPhase;
			buildActionMask = 2147483647;
			files = (
				180D0D8A2A6B31410062AD74 /* TodoListItemView.swift in Sources */,
				5CA2AAD02A67FEAC001FD878 /* KeychainItem.swift in Sources */,
				180D0D862A6B1FFD0062AD74 /* TodoListView.swift in Sources */,
				5CA2AAA32A67FAB3001FD878 /* Persistence.swift in Sources */,
				5CA2AAC92A67FB15001FD878 /* AuthenticationScreen.swift in Sources */,
				5CA2AA9C2A67FAB2001FD878 /* ContentView.swift in Sources */,
				5CB39DE12A6BF56F00898B0E /* Colors.swift in Sources */,
				18B95BEE2A6BC6DF00545C50 /* TodoListItem.swift in Sources */,
				5CA2AACE2A67FE55001FD878 /* AuthenticationService.swift in Sources */,
				180D0D882A6B24AC0062AD74 /* RootView.swift in Sources */,
				180D0D842A6B1FA90062AD74 /* TodoList.swift in Sources */,
				5CB39DDF2A6BEFA900898B0E /* TodosGalleryDropDelegate.swift in Sources */,
				5CA2AA9A2A67FAB2001FD878 /* FamiliaApp.swift in Sources */,
				5CA2AAA62A67FAB3001FD878 /* Familia.xcdatamodeld in Sources */,
				C33886CCC3498EC21661CEE7 /* AmplifyModels.swift in Sources */,
				5CB39DD92A6BE7CF00898B0E /* TodosGalleryView.swift in Sources */,
				7E38C2300DCD59576AAD89E4 /* Family+Schema.swift in Sources */,
				2A8A55F873EFF7F173926868 /* Family.swift in Sources */,
				255CA6640F928749023A5021 /* Todo+Schema.swift in Sources */,
				BBAC7BEF692AD5D2AF5D4658 /* Todo.swift in Sources */,
				5CB39DDD2A6BEF1D00898B0E /* DragDropDelegate.swift in Sources */,
				558DEB1B287D74BE098B4CB5 /* TodoItem+Schema.swift in Sources */,
				F3A026F28ED4F835FA941AEA /* TodoItem.swift in Sources */,
				8209B2DBF9762E837D6CB9C9 /* User+Schema.swift in Sources */,
				7EE000A27443DC8CDAF7FCCE /* User.swift in Sources */,
			);
			runOnlyForDeploymentPostprocessing = 0;
		};
		5CA2AAA72A67FAB3001FD878 /* Sources */ = {
			isa = PBXSourcesBuildPhase;
			buildActionMask = 2147483647;
			files = (
				5CA2AAB02A67FAB3001FD878 /* FamiliaTests.swift in Sources */,
			);
			runOnlyForDeploymentPostprocessing = 0;
		};
		5CA2AAB12A67FAB3001FD878 /* Sources */ = {
			isa = PBXSourcesBuildPhase;
			buildActionMask = 2147483647;
			files = (
				5CA2AABC2A67FAB3001FD878 /* FamiliaUITestsLaunchTests.swift in Sources */,
				5CA2AABA2A67FAB3001FD878 /* FamiliaUITests.swift in Sources */,
			);
			runOnlyForDeploymentPostprocessing = 0;
		};
/* End PBXSourcesBuildPhase section */

/* Begin PBXTargetDependency section */
		18C9C3B12A6B079B004D5E9B /* PBXTargetDependency */ = {
			isa = PBXTargetDependency;
			target = 18C9C3A42A6B079B004D5E9B /* FamiliaCore */;
			targetProxy = 18C9C3B02A6B079B004D5E9B /* PBXContainerItemProxy */;
		};
		18C9C3B32A6B079B004D5E9B /* PBXTargetDependency */ = {
			isa = PBXTargetDependency;
			target = 5CA2AA952A67FAB2001FD878 /* Familia */;
			targetProxy = 18C9C3B22A6B079B004D5E9B /* PBXContainerItemProxy */;
		};
		18C9C3B92A6B079B004D5E9B /* PBXTargetDependency */ = {
			isa = PBXTargetDependency;
			target = 18C9C3A42A6B079B004D5E9B /* FamiliaCore */;
			targetProxy = 18C9C3B82A6B079B004D5E9B /* PBXContainerItemProxy */;
		};
		5CA2AAAD2A67FAB3001FD878 /* PBXTargetDependency */ = {
			isa = PBXTargetDependency;
			target = 5CA2AA952A67FAB2001FD878 /* Familia */;
			targetProxy = 5CA2AAAC2A67FAB3001FD878 /* PBXContainerItemProxy */;
		};
		5CA2AAB72A67FAB3001FD878 /* PBXTargetDependency */ = {
			isa = PBXTargetDependency;
			target = 5CA2AA952A67FAB2001FD878 /* Familia */;
			targetProxy = 5CA2AAB62A67FAB3001FD878 /* PBXContainerItemProxy */;
		};
/* End PBXTargetDependency section */

/* Begin XCBuildConfiguration section */
		18C9C3BD2A6B079B004D5E9B /* Debug */ = {
			isa = XCBuildConfiguration;
			buildSettings = {
				CODE_SIGN_STYLE = Automatic;
				CURRENT_PROJECT_VERSION = 1;
				DEFINES_MODULE = YES;
				DEVELOPMENT_TEAM = Q7HVAVTGUP;
				DYLIB_COMPATIBILITY_VERSION = 1;
				DYLIB_CURRENT_VERSION = 1;
				DYLIB_INSTALL_NAME_BASE = "@rpath";
				ENABLE_MODULE_VERIFIER = YES;
				GENERATE_INFOPLIST_FILE = YES;
				INFOPLIST_KEY_NSHumanReadableCopyright = "";
				INSTALL_PATH = "$(LOCAL_LIBRARY_DIR)/Frameworks";
				LD_RUNPATH_SEARCH_PATHS = (
					"$(inherited)",
					"@executable_path/Frameworks",
					"@loader_path/Frameworks",
				);
				MARKETING_VERSION = 1.0;
				MODULE_VERIFIER_SUPPORTED_LANGUAGES = "objective-c objective-c++";
				MODULE_VERIFIER_SUPPORTED_LANGUAGE_STANDARDS = "gnu11 gnu++20";
				PRODUCT_BUNDLE_IDENTIFIER = m.FamiliaCore;
				PRODUCT_NAME = "$(TARGET_NAME:c99extidentifier)";
				SKIP_INSTALL = YES;
				SWIFT_EMIT_LOC_STRINGS = YES;
				SWIFT_VERSION = 5.0;
				TARGETED_DEVICE_FAMILY = "1,2";
				VERSIONING_SYSTEM = "apple-generic";
				VERSION_INFO_PREFIX = "";
			};
			name = Debug;
		};
		18C9C3BE2A6B079B004D5E9B /* Release */ = {
			isa = XCBuildConfiguration;
			buildSettings = {
				CODE_SIGN_STYLE = Automatic;
				CURRENT_PROJECT_VERSION = 1;
				DEFINES_MODULE = YES;
				DEVELOPMENT_TEAM = Q7HVAVTGUP;
				DYLIB_COMPATIBILITY_VERSION = 1;
				DYLIB_CURRENT_VERSION = 1;
				DYLIB_INSTALL_NAME_BASE = "@rpath";
				ENABLE_MODULE_VERIFIER = YES;
				GENERATE_INFOPLIST_FILE = YES;
				INFOPLIST_KEY_NSHumanReadableCopyright = "";
				INSTALL_PATH = "$(LOCAL_LIBRARY_DIR)/Frameworks";
				LD_RUNPATH_SEARCH_PATHS = (
					"$(inherited)",
					"@executable_path/Frameworks",
					"@loader_path/Frameworks",
				);
				MARKETING_VERSION = 1.0;
				MODULE_VERIFIER_SUPPORTED_LANGUAGES = "objective-c objective-c++";
				MODULE_VERIFIER_SUPPORTED_LANGUAGE_STANDARDS = "gnu11 gnu++20";
				PRODUCT_BUNDLE_IDENTIFIER = m.FamiliaCore;
				PRODUCT_NAME = "$(TARGET_NAME:c99extidentifier)";
				SKIP_INSTALL = YES;
				SWIFT_EMIT_LOC_STRINGS = YES;
				SWIFT_VERSION = 5.0;
				TARGETED_DEVICE_FAMILY = "1,2";
				VERSIONING_SYSTEM = "apple-generic";
				VERSION_INFO_PREFIX = "";
			};
			name = Release;
		};
		18C9C3BF2A6B079B004D5E9B /* Debug */ = {
			isa = XCBuildConfiguration;
			buildSettings = {
				ALWAYS_EMBED_SWIFT_STANDARD_LIBRARIES = YES;
				CODE_SIGN_STYLE = Automatic;
				CURRENT_PROJECT_VERSION = 1;
				DEVELOPMENT_TEAM = Q7HVAVTGUP;
				GENERATE_INFOPLIST_FILE = YES;
				MARKETING_VERSION = 1.0;
				PRODUCT_BUNDLE_IDENTIFIER = m.FamiliaCoreTests;
				PRODUCT_NAME = "$(TARGET_NAME)";
				SWIFT_EMIT_LOC_STRINGS = NO;
				SWIFT_VERSION = 5.0;
				TARGETED_DEVICE_FAMILY = "1,2";
				TEST_HOST = "$(BUILT_PRODUCTS_DIR)/Familia.app/$(BUNDLE_EXECUTABLE_FOLDER_PATH)/Familia";
			};
			name = Debug;
		};
		18C9C3C02A6B079B004D5E9B /* Release */ = {
			isa = XCBuildConfiguration;
			buildSettings = {
				ALWAYS_EMBED_SWIFT_STANDARD_LIBRARIES = YES;
				CODE_SIGN_STYLE = Automatic;
				CURRENT_PROJECT_VERSION = 1;
				DEVELOPMENT_TEAM = Q7HVAVTGUP;
				GENERATE_INFOPLIST_FILE = YES;
				MARKETING_VERSION = 1.0;
				PRODUCT_BUNDLE_IDENTIFIER = m.FamiliaCoreTests;
				PRODUCT_NAME = "$(TARGET_NAME)";
				SWIFT_EMIT_LOC_STRINGS = NO;
				SWIFT_VERSION = 5.0;
				TARGETED_DEVICE_FAMILY = "1,2";
				TEST_HOST = "$(BUILT_PRODUCTS_DIR)/Familia.app/$(BUNDLE_EXECUTABLE_FOLDER_PATH)/Familia";
			};
			name = Release;
		};
		5CA2AABD2A67FAB3001FD878 /* Debug */ = {
			isa = XCBuildConfiguration;
			buildSettings = {
				ALWAYS_SEARCH_USER_PATHS = NO;
				CLANG_ANALYZER_NONNULL = YES;
				CLANG_ANALYZER_NUMBER_OBJECT_CONVERSION = YES_AGGRESSIVE;
				CLANG_CXX_LANGUAGE_STANDARD = "gnu++20";
				CLANG_ENABLE_MODULES = YES;
				CLANG_ENABLE_OBJC_ARC = YES;
				CLANG_ENABLE_OBJC_WEAK = YES;
				CLANG_WARN_BLOCK_CAPTURE_AUTORELEASING = YES;
				CLANG_WARN_BOOL_CONVERSION = YES;
				CLANG_WARN_COMMA = YES;
				CLANG_WARN_CONSTANT_CONVERSION = YES;
				CLANG_WARN_DEPRECATED_OBJC_IMPLEMENTATIONS = YES;
				CLANG_WARN_DIRECT_OBJC_ISA_USAGE = YES_ERROR;
				CLANG_WARN_DOCUMENTATION_COMMENTS = YES;
				CLANG_WARN_EMPTY_BODY = YES;
				CLANG_WARN_ENUM_CONVERSION = YES;
				CLANG_WARN_INFINITE_RECURSION = YES;
				CLANG_WARN_INT_CONVERSION = YES;
				CLANG_WARN_NON_LITERAL_NULL_CONVERSION = YES;
				CLANG_WARN_OBJC_IMPLICIT_RETAIN_SELF = YES;
				CLANG_WARN_OBJC_LITERAL_CONVERSION = YES;
				CLANG_WARN_OBJC_ROOT_CLASS = YES_ERROR;
				CLANG_WARN_QUOTED_INCLUDE_IN_FRAMEWORK_HEADER = YES;
				CLANG_WARN_RANGE_LOOP_ANALYSIS = YES;
				CLANG_WARN_STRICT_PROTOTYPES = YES;
				CLANG_WARN_SUSPICIOUS_MOVE = YES;
				CLANG_WARN_UNGUARDED_AVAILABILITY = YES_AGGRESSIVE;
				CLANG_WARN_UNREACHABLE_CODE = YES;
				CLANG_WARN__DUPLICATE_METHOD_MATCH = YES;
				COPY_PHASE_STRIP = NO;
				DEBUG_INFORMATION_FORMAT = dwarf;
				ENABLE_STRICT_OBJC_MSGSEND = YES;
				ENABLE_TESTABILITY = YES;
				GCC_C_LANGUAGE_STANDARD = gnu11;
				GCC_DYNAMIC_NO_PIC = NO;
				GCC_NO_COMMON_BLOCKS = YES;
				GCC_OPTIMIZATION_LEVEL = 0;
				GCC_PREPROCESSOR_DEFINITIONS = (
					"DEBUG=1",
					"$(inherited)",
				);
				GCC_WARN_64_TO_32_BIT_CONVERSION = YES;
				GCC_WARN_ABOUT_RETURN_TYPE = YES_ERROR;
				GCC_WARN_UNDECLARED_SELECTOR = YES;
				GCC_WARN_UNINITIALIZED_AUTOS = YES_AGGRESSIVE;
				GCC_WARN_UNUSED_FUNCTION = YES;
				GCC_WARN_UNUSED_VARIABLE = YES;
				IPHONEOS_DEPLOYMENT_TARGET = 16.4;
				MTL_ENABLE_DEBUG_INFO = INCLUDE_SOURCE;
				MTL_FAST_MATH = YES;
				ONLY_ACTIVE_ARCH = YES;
				SDKROOT = iphoneos;
				SWIFT_ACTIVE_COMPILATION_CONDITIONS = DEBUG;
				SWIFT_OPTIMIZATION_LEVEL = "-Onone";
			};
			name = Debug;
		};
		5CA2AABE2A67FAB3001FD878 /* Release */ = {
			isa = XCBuildConfiguration;
			buildSettings = {
				ALWAYS_SEARCH_USER_PATHS = NO;
				CLANG_ANALYZER_NONNULL = YES;
				CLANG_ANALYZER_NUMBER_OBJECT_CONVERSION = YES_AGGRESSIVE;
				CLANG_CXX_LANGUAGE_STANDARD = "gnu++20";
				CLANG_ENABLE_MODULES = YES;
				CLANG_ENABLE_OBJC_ARC = YES;
				CLANG_ENABLE_OBJC_WEAK = YES;
				CLANG_WARN_BLOCK_CAPTURE_AUTORELEASING = YES;
				CLANG_WARN_BOOL_CONVERSION = YES;
				CLANG_WARN_COMMA = YES;
				CLANG_WARN_CONSTANT_CONVERSION = YES;
				CLANG_WARN_DEPRECATED_OBJC_IMPLEMENTATIONS = YES;
				CLANG_WARN_DIRECT_OBJC_ISA_USAGE = YES_ERROR;
				CLANG_WARN_DOCUMENTATION_COMMENTS = YES;
				CLANG_WARN_EMPTY_BODY = YES;
				CLANG_WARN_ENUM_CONVERSION = YES;
				CLANG_WARN_INFINITE_RECURSION = YES;
				CLANG_WARN_INT_CONVERSION = YES;
				CLANG_WARN_NON_LITERAL_NULL_CONVERSION = YES;
				CLANG_WARN_OBJC_IMPLICIT_RETAIN_SELF = YES;
				CLANG_WARN_OBJC_LITERAL_CONVERSION = YES;
				CLANG_WARN_OBJC_ROOT_CLASS = YES_ERROR;
				CLANG_WARN_QUOTED_INCLUDE_IN_FRAMEWORK_HEADER = YES;
				CLANG_WARN_RANGE_LOOP_ANALYSIS = YES;
				CLANG_WARN_STRICT_PROTOTYPES = YES;
				CLANG_WARN_SUSPICIOUS_MOVE = YES;
				CLANG_WARN_UNGUARDED_AVAILABILITY = YES_AGGRESSIVE;
				CLANG_WARN_UNREACHABLE_CODE = YES;
				CLANG_WARN__DUPLICATE_METHOD_MATCH = YES;
				COPY_PHASE_STRIP = NO;
				DEBUG_INFORMATION_FORMAT = "dwarf-with-dsym";
				ENABLE_NS_ASSERTIONS = NO;
				ENABLE_STRICT_OBJC_MSGSEND = YES;
				GCC_C_LANGUAGE_STANDARD = gnu11;
				GCC_NO_COMMON_BLOCKS = YES;
				GCC_WARN_64_TO_32_BIT_CONVERSION = YES;
				GCC_WARN_ABOUT_RETURN_TYPE = YES_ERROR;
				GCC_WARN_UNDECLARED_SELECTOR = YES;
				GCC_WARN_UNINITIALIZED_AUTOS = YES_AGGRESSIVE;
				GCC_WARN_UNUSED_FUNCTION = YES;
				GCC_WARN_UNUSED_VARIABLE = YES;
				IPHONEOS_DEPLOYMENT_TARGET = 16.4;
				MTL_ENABLE_DEBUG_INFO = NO;
				MTL_FAST_MATH = YES;
				SDKROOT = iphoneos;
				SWIFT_COMPILATION_MODE = wholemodule;
				SWIFT_OPTIMIZATION_LEVEL = "-O";
				VALIDATE_PRODUCT = YES;
			};
			name = Release;
		};
		5CA2AAC02A67FAB3001FD878 /* Debug */ = {
			isa = XCBuildConfiguration;
			buildSettings = {
				ALWAYS_EMBED_SWIFT_STANDARD_LIBRARIES = YES;
				ASSETCATALOG_COMPILER_APPICON_NAME = AppIcon;
				ASSETCATALOG_COMPILER_GLOBAL_ACCENT_COLOR_NAME = AccentColor;
				CODE_SIGN_ENTITLEMENTS = Familia/Familia.entitlements;
				CODE_SIGN_STYLE = Automatic;
				CURRENT_PROJECT_VERSION = 1;
				DEVELOPMENT_ASSET_PATHS = "\"Familia/Preview Content\"";
				DEVELOPMENT_TEAM = Q7HVAVTGUP;
				ENABLE_PREVIEWS = YES;
				GENERATE_INFOPLIST_FILE = YES;
				INFOPLIST_KEY_UIApplicationSceneManifest_Generation = YES;
				INFOPLIST_KEY_UIApplicationSupportsIndirectInputEvents = YES;
				INFOPLIST_KEY_UILaunchScreen_Generation = YES;
				INFOPLIST_KEY_UISupportedInterfaceOrientations_iPad = "UIInterfaceOrientationPortrait UIInterfaceOrientationPortraitUpsideDown UIInterfaceOrientationLandscapeLeft UIInterfaceOrientationLandscapeRight";
				INFOPLIST_KEY_UISupportedInterfaceOrientations_iPhone = "UIInterfaceOrientationPortrait UIInterfaceOrientationLandscapeLeft UIInterfaceOrientationLandscapeRight";
				LD_RUNPATH_SEARCH_PATHS = (
					"$(inherited)",
					"@executable_path/Frameworks",
				);
				MARKETING_VERSION = 1.0;
				PRODUCT_BUNDLE_IDENTIFIER = m.Familia;
				PRODUCT_NAME = "$(TARGET_NAME)";
				SWIFT_EMIT_LOC_STRINGS = YES;
				SWIFT_VERSION = 5.0;
				TARGETED_DEVICE_FAMILY = "1,2";
			};
			name = Debug;
		};
		5CA2AAC12A67FAB3001FD878 /* Release */ = {
			isa = XCBuildConfiguration;
			buildSettings = {
				ALWAYS_EMBED_SWIFT_STANDARD_LIBRARIES = YES;
				ASSETCATALOG_COMPILER_APPICON_NAME = AppIcon;
				ASSETCATALOG_COMPILER_GLOBAL_ACCENT_COLOR_NAME = AccentColor;
				CODE_SIGN_ENTITLEMENTS = Familia/Familia.entitlements;
				CODE_SIGN_STYLE = Automatic;
				CURRENT_PROJECT_VERSION = 1;
				DEVELOPMENT_ASSET_PATHS = "\"Familia/Preview Content\"";
				DEVELOPMENT_TEAM = Q7HVAVTGUP;
				ENABLE_PREVIEWS = YES;
				GENERATE_INFOPLIST_FILE = YES;
				INFOPLIST_KEY_UIApplicationSceneManifest_Generation = YES;
				INFOPLIST_KEY_UIApplicationSupportsIndirectInputEvents = YES;
				INFOPLIST_KEY_UILaunchScreen_Generation = YES;
				INFOPLIST_KEY_UISupportedInterfaceOrientations_iPad = "UIInterfaceOrientationPortrait UIInterfaceOrientationPortraitUpsideDown UIInterfaceOrientationLandscapeLeft UIInterfaceOrientationLandscapeRight";
				INFOPLIST_KEY_UISupportedInterfaceOrientations_iPhone = "UIInterfaceOrientationPortrait UIInterfaceOrientationLandscapeLeft UIInterfaceOrientationLandscapeRight";
				LD_RUNPATH_SEARCH_PATHS = (
					"$(inherited)",
					"@executable_path/Frameworks",
				);
				MARKETING_VERSION = 1.0;
				PRODUCT_BUNDLE_IDENTIFIER = m.Familia;
				PRODUCT_NAME = "$(TARGET_NAME)";
				SWIFT_EMIT_LOC_STRINGS = YES;
				SWIFT_VERSION = 5.0;
				TARGETED_DEVICE_FAMILY = "1,2";
			};
			name = Release;
		};
		5CA2AAC32A67FAB3001FD878 /* Debug */ = {
			isa = XCBuildConfiguration;
			buildSettings = {
				ALWAYS_EMBED_SWIFT_STANDARD_LIBRARIES = YES;
				BUNDLE_LOADER = "$(TEST_HOST)";
				CODE_SIGN_STYLE = Automatic;
				CURRENT_PROJECT_VERSION = 1;
				DEVELOPMENT_TEAM = Q7HVAVTGUP;
				GENERATE_INFOPLIST_FILE = YES;
				IPHONEOS_DEPLOYMENT_TARGET = 16.4;
				MARKETING_VERSION = 1.0;
				PRODUCT_BUNDLE_IDENTIFIER = m.FamiliaTests;
				PRODUCT_NAME = "$(TARGET_NAME)";
				SWIFT_EMIT_LOC_STRINGS = NO;
				SWIFT_VERSION = 5.0;
				TARGETED_DEVICE_FAMILY = "1,2";
				TEST_HOST = "$(BUILT_PRODUCTS_DIR)/Familia.app/$(BUNDLE_EXECUTABLE_FOLDER_PATH)/Familia";
			};
			name = Debug;
		};
		5CA2AAC42A67FAB3001FD878 /* Release */ = {
			isa = XCBuildConfiguration;
			buildSettings = {
				ALWAYS_EMBED_SWIFT_STANDARD_LIBRARIES = YES;
				BUNDLE_LOADER = "$(TEST_HOST)";
				CODE_SIGN_STYLE = Automatic;
				CURRENT_PROJECT_VERSION = 1;
				DEVELOPMENT_TEAM = Q7HVAVTGUP;
				GENERATE_INFOPLIST_FILE = YES;
				IPHONEOS_DEPLOYMENT_TARGET = 16.4;
				MARKETING_VERSION = 1.0;
				PRODUCT_BUNDLE_IDENTIFIER = m.FamiliaTests;
				PRODUCT_NAME = "$(TARGET_NAME)";
				SWIFT_EMIT_LOC_STRINGS = NO;
				SWIFT_VERSION = 5.0;
				TARGETED_DEVICE_FAMILY = "1,2";
				TEST_HOST = "$(BUILT_PRODUCTS_DIR)/Familia.app/$(BUNDLE_EXECUTABLE_FOLDER_PATH)/Familia";
			};
			name = Release;
		};
		5CA2AAC62A67FAB3001FD878 /* Debug */ = {
			isa = XCBuildConfiguration;
			buildSettings = {
				ALWAYS_EMBED_SWIFT_STANDARD_LIBRARIES = YES;
				CODE_SIGN_STYLE = Automatic;
				CURRENT_PROJECT_VERSION = 1;
				DEVELOPMENT_TEAM = Q7HVAVTGUP;
				GENERATE_INFOPLIST_FILE = YES;
				MARKETING_VERSION = 1.0;
				PRODUCT_BUNDLE_IDENTIFIER = m.FamiliaUITests;
				PRODUCT_NAME = "$(TARGET_NAME)";
				SWIFT_EMIT_LOC_STRINGS = NO;
				SWIFT_VERSION = 5.0;
				TARGETED_DEVICE_FAMILY = "1,2";
				TEST_TARGET_NAME = Familia;
			};
			name = Debug;
		};
		5CA2AAC72A67FAB3001FD878 /* Release */ = {
			isa = XCBuildConfiguration;
			buildSettings = {
				ALWAYS_EMBED_SWIFT_STANDARD_LIBRARIES = YES;
				CODE_SIGN_STYLE = Automatic;
				CURRENT_PROJECT_VERSION = 1;
				DEVELOPMENT_TEAM = Q7HVAVTGUP;
				GENERATE_INFOPLIST_FILE = YES;
				MARKETING_VERSION = 1.0;
				PRODUCT_BUNDLE_IDENTIFIER = m.FamiliaUITests;
				PRODUCT_NAME = "$(TARGET_NAME)";
				SWIFT_EMIT_LOC_STRINGS = NO;
				SWIFT_VERSION = 5.0;
				TARGETED_DEVICE_FAMILY = "1,2";
				TEST_TARGET_NAME = Familia;
			};
			name = Release;
		};
/* End XCBuildConfiguration section */

/* Begin XCConfigurationList section */
		18C9C3C12A6B079B004D5E9B /* Build configuration list for PBXNativeTarget "FamiliaCore" */ = {
			isa = XCConfigurationList;
			buildConfigurations = (
				18C9C3BD2A6B079B004D5E9B /* Debug */,
				18C9C3BE2A6B079B004D5E9B /* Release */,
			);
			defaultConfigurationIsVisible = 0;
			defaultConfigurationName = Release;
		};
		18C9C3C22A6B079B004D5E9B /* Build configuration list for PBXNativeTarget "FamiliaCoreTests" */ = {
			isa = XCConfigurationList;
			buildConfigurations = (
				18C9C3BF2A6B079B004D5E9B /* Debug */,
				18C9C3C02A6B079B004D5E9B /* Release */,
			);
			defaultConfigurationIsVisible = 0;
			defaultConfigurationName = Release;
		};
		5CA2AA912A67FAB2001FD878 /* Build configuration list for PBXProject "Familia" */ = {
			isa = XCConfigurationList;
			buildConfigurations = (
				5CA2AABD2A67FAB3001FD878 /* Debug */,
				5CA2AABE2A67FAB3001FD878 /* Release */,
			);
			defaultConfigurationIsVisible = 0;
			defaultConfigurationName = Release;
		};
		5CA2AABF2A67FAB3001FD878 /* Build configuration list for PBXNativeTarget "Familia" */ = {
			isa = XCConfigurationList;
			buildConfigurations = (
				5CA2AAC02A67FAB3001FD878 /* Debug */,
				5CA2AAC12A67FAB3001FD878 /* Release */,
			);
			defaultConfigurationIsVisible = 0;
			defaultConfigurationName = Release;
		};
		5CA2AAC22A67FAB3001FD878 /* Build configuration list for PBXNativeTarget "FamiliaTests" */ = {
			isa = XCConfigurationList;
			buildConfigurations = (
				5CA2AAC32A67FAB3001FD878 /* Debug */,
				5CA2AAC42A67FAB3001FD878 /* Release */,
			);
			defaultConfigurationIsVisible = 0;
			defaultConfigurationName = Release;
		};
		5CA2AAC52A67FAB3001FD878 /* Build configuration list for PBXNativeTarget "FamiliaUITests" */ = {
			isa = XCConfigurationList;
			buildConfigurations = (
				5CA2AAC62A67FAB3001FD878 /* Debug */,
				5CA2AAC72A67FAB3001FD878 /* Release */,
			);
			defaultConfigurationIsVisible = 0;
			defaultConfigurationName = Release;
		};
/* End XCConfigurationList section */

/* Begin XCRemoteSwiftPackageReference section */
		180837D92A6B09FA00819B6B /* XCRemoteSwiftPackageReference "amplify-swift" */ = {
			isa = XCRemoteSwiftPackageReference;
			repositoryURL = "https://github.com/aws-amplify/amplify-swift";
			requirement = {
				kind = upToNextMajorVersion;
				minimumVersion = 2.0.0;
			};
		};
/* End XCRemoteSwiftPackageReference section */

/* Begin XCSwiftPackageProductDependency section */
		180837E02A6B0A3000819B6B /* Amplify */ = {
			isa = XCSwiftPackageProductDependency;
			package = 180837D92A6B09FA00819B6B /* XCRemoteSwiftPackageReference "amplify-swift" */;
			productName = Amplify;
		};
		180837E22A6B0A3000819B6B /* AWSAPIPlugin */ = {
			isa = XCSwiftPackageProductDependency;
			package = 180837D92A6B09FA00819B6B /* XCRemoteSwiftPackageReference "amplify-swift" */;
			productName = AWSAPIPlugin;
		};
		180837E42A6B0A3000819B6B /* AWSDataStorePlugin */ = {
			isa = XCSwiftPackageProductDependency;
			package = 180837D92A6B09FA00819B6B /* XCRemoteSwiftPackageReference "amplify-swift" */;
			productName = AWSDataStorePlugin;
		};
/* End XCSwiftPackageProductDependency section */

/* Begin XCVersionGroup section */
		5CA2AAA42A67FAB3001FD878 /* Familia.xcdatamodeld */ = {
			isa = XCVersionGroup;
			children = (
				5CA2AAA52A67FAB3001FD878 /* Familia.xcdatamodel */,
			);
			currentVersion = 5CA2AAA52A67FAB3001FD878 /* Familia.xcdatamodel */;
			path = Familia.xcdatamodeld;
			sourceTree = "<group>";
			versionGroupType = wrapper.xcdatamodel;
		};
/* End XCVersionGroup section */
	};
	rootObject = 5CA2AA8E2A67FAB2001FD878 /* Project object */;
}
